// !$*UTF8*$!
{
	archiveVersion = 1;
	classes = {
	};
	objectVersion = 46;
	objects = {

/* Begin PBXBuildFile section */
		656CFC5C1A3E95450038A885 /* AppDelegate.swift in Sources */ = {isa = PBXBuildFile; fileRef = 656CFC5B1A3E95450038A885 /* AppDelegate.swift */; };
		656CFC5E1A3E95450038A885 /* ViewController.swift in Sources */ = {isa = PBXBuildFile; fileRef = 656CFC5D1A3E95450038A885 /* ViewController.swift */; };
		656CFC611A3E95450038A885 /* Main.storyboard in Resources */ = {isa = PBXBuildFile; fileRef = 656CFC5F1A3E95450038A885 /* Main.storyboard */; };
		656CFC631A3E95450038A885 /* Images.xcassets in Resources */ = {isa = PBXBuildFile; fileRef = 656CFC621A3E95450038A885 /* Images.xcassets */; };
		656CFC661A3E95450038A885 /* LaunchScreen.xib in Resources */ = {isa = PBXBuildFile; fileRef = 656CFC641A3E95450038A885 /* LaunchScreen.xib */; };
		656CFC721A3E95450038A885 /* AgricolaTests.swift in Sources */ = {isa = PBXBuildFile; fileRef = 656CFC711A3E95450038A885 /* AgricolaTests.swift */; };
		656CFC7C1A3E9C450038A885 /* CalculatorModel.swift in Sources */ = {isa = PBXBuildFile; fileRef = 656CFC7B1A3E9C450038A885 /* CalculatorModel.swift */; };
/* End PBXBuildFile section */

/* Begin PBXContainerItemProxy section */
		656CFC6C1A3E95450038A885 /* PBXContainerItemProxy */ = {
			isa = PBXContainerItemProxy;
			containerPortal = 656CFC4E1A3E95450038A885 /* Project object */;
			proxyType = 1;
			remoteGlobalIDString = 656CFC551A3E95450038A885;
			remoteInfo = Agricola;
		};
/* End PBXContainerItemProxy section */

/* Begin PBXFileReference section */
		656CFC561A3E95450038A885 /* Agricola.app */ = {isa = PBXFileReference; explicitFileType = wrapper.application; includeInIndex = 0; path = Agricola.app; sourceTree = BUILT_PRODUCTS_DIR; };
		656CFC5A1A3E95450038A885 /* Info.plist */ = {isa = PBXFileReference; lastKnownFileType = text.plist.xml; path = Info.plist; sourceTree = "<group>"; };
		656CFC5B1A3E95450038A885 /* AppDelegate.swift */ = {isa = PBXFileReference; lastKnownFileType = sourcecode.swift; path = AppDelegate.swift; sourceTree = "<group>"; };
		656CFC5D1A3E95450038A885 /* ViewController.swift */ = {isa = PBXFileReference; lastKnownFileType = sourcecode.swift; path = ViewController.swift; sourceTree = "<group>"; };
		656CFC601A3E95450038A885 /* Base */ = {isa = PBXFileReference; lastKnownFileType = file.storyboard; name = Base; path = Base.lproj/Main.storyboard; sourceTree = "<group>"; };
		656CFC621A3E95450038A885 /* Images.xcassets */ = {isa = PBXFileReference; lastKnownFileType = folder.assetcatalog; path = Images.xcassets; sourceTree = "<group>"; };
		656CFC651A3E95450038A885 /* Base */ = {isa = PBXFileReference; lastKnownFileType = file.xib; name = Base; path = Base.lproj/LaunchScreen.xib; sourceTree = "<group>"; };
		656CFC6B1A3E95450038A885 /* AgricolaTests.xctest */ = {isa = PBXFileReference; explicitFileType = wrapper.cfbundle; includeInIndex = 0; path = AgricolaTests.xctest; sourceTree = BUILT_PRODUCTS_DIR; };
		656CFC701A3E95450038A885 /* Info.plist */ = {isa = PBXFileReference; lastKnownFileType = text.plist.xml; path = Info.plist; sourceTree = "<group>"; };
		656CFC711A3E95450038A885 /* AgricolaTests.swift */ = {isa = PBXFileReference; lastKnownFileType = sourcecode.swift; path = AgricolaTests.swift; sourceTree = "<group>"; };
		656CFC7B1A3E9C450038A885 /* CalculatorModel.swift */ = {isa = PBXFileReference; fileEncoding = 4; lastKnownFileType = sourcecode.swift; path = CalculatorModel.swift; sourceTree = "<group>"; };
/* End PBXFileReference section */

/* Begin PBXFrameworksBuildPhase section */
		656CFC531A3E95450038A885 /* Frameworks */ = {
			isa = PBXFrameworksBuildPhase;
			buildActionMask = 2147483647;
			files = (
			);
			runOnlyForDeploymentPostprocessing = 0;
		};
		656CFC681A3E95450038A885 /* Frameworks */ = {
			isa = PBXFrameworksBuildPhase;
			buildActionMask = 2147483647;
			files = (
			);
			runOnlyForDeploymentPostprocessing = 0;
		};
/* End PBXFrameworksBuildPhase section */

/* Begin PBXGroup section */
		656CFC4D1A3E95450038A885 = {
			isa = PBXGroup;
			children = (
				656CFC581A3E95450038A885 /* Agricola */,
				656CFC6E1A3E95450038A885 /* AgricolaTests */,
				656CFC571A3E95450038A885 /* Products */,
			);
			sourceTree = "<group>";
		};
		656CFC571A3E95450038A885 /* Products */ = {
			isa = PBXGroup;
			children = (
				656CFC561A3E95450038A885 /* Agricola.app */,
				656CFC6B1A3E95450038A885 /* AgricolaTests.xctest */,
			);
			name = Products;
			sourceTree = "<group>";
		};
		656CFC581A3E95450038A885 /* Agricola */ = {
			isa = PBXGroup;
			children = (
				656CFC5B1A3E95450038A885 /* AppDelegate.swift */,
				656CFC5D1A3E95450038A885 /* ViewController.swift */,
				656CFC7B1A3E9C450038A885 /* CalculatorModel.swift */,
				656CFC5F1A3E95450038A885 /* Main.storyboard */,
				656CFC621A3E95450038A885 /* Images.xcassets */,
				656CFC641A3E95450038A885 /* LaunchScreen.xib */,
				656CFC591A3E95450038A885 /* Supporting Files */,
			);
			path = Agricola;
			sourceTree = "<group>";
		};
		656CFC591A3E95450038A885 /* Supporting Files */ = {
			isa = PBXGroup;
			children = (
				656CFC5A1A3E95450038A885 /* Info.plist */,
			);
			name = "Supporting Files";
			sourceTree = "<group>";
		};
		656CFC6E1A3E95450038A885 /* AgricolaTests */ = {
			isa = PBXGroup;
			children = (
				656CFC711A3E95450038A885 /* AgricolaTests.swift */,
				656CFC6F1A3E95450038A885 /* Supporting Files */,
			);
			path = AgricolaTests;
			sourceTree = "<group>";
		};
		656CFC6F1A3E95450038A885 /* Supporting Files */ = {
			isa = PBXGroup;
			children = (
				656CFC701A3E95450038A885 /* Info.plist */,
			);
			name = "Supporting Files";
			sourceTree = "<group>";
		};
/* End PBXGroup section */

/* Begin PBXNativeTarget section */
		656CFC551A3E95450038A885 /* Agricola */ = {
			isa = PBXNativeTarget;
			buildConfigurationList = 656CFC751A3E95450038A885 /* Build configuration list for PBXNativeTarget "Agricola" */;
			buildPhases = (
				656CFC521A3E95450038A885 /* Sources */,
				656CFC531A3E95450038A885 /* Frameworks */,
				656CFC541A3E95450038A885 /* Resources */,
			);
			buildRules = (
			);
			dependencies = (
			);
			name = Agricola;
			productName = Agricola;
			productReference = 656CFC561A3E95450038A885 /* Agricola.app */;
			productType = "com.apple.product-type.application";
		};
		656CFC6A1A3E95450038A885 /* AgricolaTests */ = {
			isa = PBXNativeTarget;
			buildConfigurationList = 656CFC781A3E95450038A885 /* Build configuration list for PBXNativeTarget "AgricolaTests" */;
			buildPhases = (
				656CFC671A3E95450038A885 /* Sources */,
				656CFC681A3E95450038A885 /* Frameworks */,
				656CFC691A3E95450038A885 /* Resources */,
			);
			buildRules = (
			);
			dependencies = (
				656CFC6D1A3E95450038A885 /* PBXTargetDependency */,
			);
			name = AgricolaTests;
			productName = AgricolaTests;
			productReference = 656CFC6B1A3E95450038A885 /* AgricolaTests.xctest */;
			productType = "com.apple.product-type.bundle.unit-test";
		};
/* End PBXNativeTarget section */

/* Begin PBXProject section */
		656CFC4E1A3E95450038A885 /* Project object */ = {
			isa = PBXProject;
			attributes = {
				LastUpgradeCheck = 0610;
				ORGANIZATIONNAME = "Daniel King";
				TargetAttributes = {
					656CFC551A3E95450038A885 = {
						CreatedOnToolsVersion = 6.1;
					};
					656CFC6A1A3E95450038A885 = {
						CreatedOnToolsVersion = 6.1;
						TestTargetID = 656CFC551A3E95450038A885;
					};
				};
			};
			buildConfigurationList = 656CFC511A3E95450038A885 /* Build configuration list for PBXProject "Agricola" */;
			compatibilityVersion = "Xcode 3.2";
			developmentRegion = English;
			hasScannedForEncodings = 0;
			knownRegions = (
				en,
				Base,
			);
			mainGroup = 656CFC4D1A3E95450038A885;
			productRefGroup = 656CFC571A3E95450038A885 /* Products */;
			projectDirPath = "";
			projectRoot = "";
			targets = (
				656CFC551A3E95450038A885 /* Agricola */,
				656CFC6A1A3E95450038A885 /* AgricolaTests */,
			);
		};
/* End PBXProject section */

/* Begin PBXResourcesBuildPhase section */
		656CFC541A3E95450038A885 /* Resources */ = {
			isa = PBXResourcesBuildPhase;
			buildActionMask = 2147483647;
			files = (
				656CFC611A3E95450038A885 /* Main.storyboard in Resources */,
				656CFC661A3E95450038A885 /* LaunchScreen.xib in Resources */,
				656CFC631A3E95450038A885 /* Images.xcassets in Resources */,
			);
			runOnlyForDeploymentPostprocessing = 0;
		};
		656CFC691A3E95450038A885 /* Resources */ = {
			isa = PBXResourcesBuildPhase;
			buildActionMask = 2147483647;
			files = (
			);
			runOnlyForDeploymentPostprocessing = 0;
		};
/* End PBXResourcesBuildPhase section */

/* Begin PBXSourcesBuildPhase section */
		656CFC521A3E95450038A885 /* Sources */ = {
			isa = PBXSourcesBuildPhase;
			buildActionMask = 2147483647;
			files = (
				656CFC7C1A3E9C450038A885 /* CalculatorModel.swift in Sources */,
				656CFC5E1A3E95450038A885 /* ViewController.swift in Sources */,
				656CFC5C1A3E95450038A885 /* AppDelegate.swift in Sources */,
			);
			runOnlyForDeploymentPostprocessing = 0;
		};
		656CFC671A3E95450038A885 /* Sources */ = {
			isa = PBXSourcesBuildPhase;
			buildActionMask = 2147483647;
			files = (
				656CFC721A3E95450038A885 /* AgricolaTests.swift in Sources */,
			);
			runOnlyForDeploymentPostprocessing = 0;
		};
/* End PBXSourcesBuildPhase section */

/* Begin PBXTargetDependency section */
		656CFC6D1A3E95450038A885 /* PBXTargetDependency */ = {
			isa = PBXTargetDependency;
			target = 656CFC551A3E95450038A885 /* Agricola */;
			targetProxy = 656CFC6C1A3E95450038A885 /* PBXContainerItemProxy */;
		};
/* End PBXTargetDependency section */

/* Begin PBXVariantGroup section */
		656CFC5F1A3E95450038A885 /* Main.storyboard */ = {
			isa = PBXVariantGroup;
			children = (
				656CFC601A3E95450038A885 /* Base */,
			);
			name = Main.storyboard;
			sourceTree = "<group>";
		};
		656CFC641A3E95450038A885 /* LaunchScreen.xib */ = {
			isa = PBXVariantGroup;
			children = (
				656CFC651A3E95450038A885 /* Base */,
			);
			name = LaunchScreen.xib;
			sourceTree = "<group>";
		};
/* End PBXVariantGroup section */

/* Begin XCBuildConfiguration section */
		656CFC731A3E95450038A885 /* Debug */ = {
			isa = XCBuildConfiguration;
			buildSettings = {
				ALWAYS_SEARCH_USER_PATHS = NO;
				CLANG_CXX_LANGUAGE_STANDARD = "gnu++0x";
				CLANG_CXX_LIBRARY = "libc++";
				CLANG_ENABLE_MODULES = YES;
				CLANG_ENABLE_OBJC_ARC = YES;
				CLANG_WARN_BOOL_CONVERSION = YES;
				CLANG_WARN_CONSTANT_CONVERSION = YES;
				CLANG_WARN_DIRECT_OBJC_ISA_USAGE = YES_ERROR;
				CLANG_WARN_EMPTY_BODY = YES;
				CLANG_WARN_ENUM_CONVERSION = YES;
				CLANG_WARN_INT_CONVERSION = YES;
				CLANG_WARN_OBJC_ROOT_CLASS = YES_ERROR;
				CLANG_WARN_UNREACHABLE_CODE = YES;
				CLANG_WARN__DUPLICATE_METHOD_MATCH = YES;
				"CODE_SIGN_IDENTITY[sdk=iphoneos*]" = "iPhone Developer";
				COPY_PHASE_STRIP = NO;
				ENABLE_STRICT_OBJC_MSGSEND = YES;
				GCC_C_LANGUAGE_STANDARD = gnu99;
				GCC_DYNAMIC_NO_PIC = NO;
				GCC_OPTIMIZATION_LEVEL = 0;
				GCC_PREPROCESSOR_DEFINITIONS = (
					"DEBUG=1",
					"$(inherited)",
				);
				GCC_SYMBOLS_PRIVATE_EXTERN = NO;
				GCC_WARN_64_TO_32_BIT_CONVERSION = YES;
				GCC_WARN_ABOUT_RETURN_TYPE = YES_ERROR;
				GCC_WARN_UNDECLARED_SELECTOR = YES;
				GCC_WARN_UNINITIALIZED_AUTOS = YES_AGGRESSIVE;
				GCC_WARN_UNUSED_FUNCTION = YES;
				GCC_WARN_UNUSED_VARIABLE = YES;
				IPHONEOS_DEPLOYMENT_TARGET = 8.1;
				MTL_ENABLE_DEBUG_INFO = YES;
				ONLY_ACTIVE_ARCH = YES;
				SDKROOT = iphoneos;
				SWIFT_OPTIMIZATION_LEVEL = "-Onone";
			};
			name = Debug;
		};
		656CFC741A3E95450038A885 /* Release */ = {
			isa = XCBuildConfiguration;
			buildSettings = {
				ALWAYS_SEARCH_USER_PATHS = NO;
				CLANG_CXX_LANGUAGE_STANDARD = "gnu++0x";
				CLANG_CXX_LIBRARY = "libc++";
				CLANG_ENABLE_MODULES = YES;
				CLANG_ENABLE_OBJC_ARC = YES;
				CLANG_WARN_BOOL_CONVERSION = YES;
				CLANG_WARN_CONSTANT_CONVERSION = YES;
				CLANG_WARN_DIRECT_OBJC_ISA_USAGE = YES_ERROR;
				CLANG_WARN_EMPTY_BODY = YES;
				CLANG_WARN_ENUM_CONVERSION = YES;
				CLANG_WARN_INT_CONVERSION = YES;
				CLANG_WARN_OBJC_ROOT_CLASS = YES_ERROR;
				CLANG_WARN_UNREACHABLE_CODE = YES;
				CLANG_WARN__DUPLICATE_METHOD_MATCH = YES;
				"CODE_SIGN_IDENTITY[sdk=iphoneos*]" = "iPhone Developer";
				COPY_PHASE_STRIP = YES;
				ENABLE_NS_ASSERTIONS = NO;
				ENABLE_STRICT_OBJC_MSGSEND = YES;
				GCC_C_LANGUAGE_STANDARD = gnu99;
				GCC_WARN_64_TO_32_BIT_CONVERSION = YES;
				GCC_WARN_ABOUT_RETURN_TYPE = YES_ERROR;
				GCC_WARN_UNDECLARED_SELECTOR = YES;
				GCC_WARN_UNINITIALIZED_AUTOS = YES_AGGRESSIVE;
				GCC_WARN_UNUSED_FUNCTION = YES;
				GCC_WARN_UNUSED_VARIABLE = YES;
				IPHONEOS_DEPLOYMENT_TARGET = 8.1;
				MTL_ENABLE_DEBUG_INFO = NO;
				SDKROOT = iphoneos;
				VALIDATE_PRODUCT = YES;
			};
			name = Release;
		};
		656CFC761A3E95450038A885 /* Debug */ = {
			isa = XCBuildConfiguration;
			buildSettings = {
				ASSETCATALOG_COMPILER_APPICON_NAME = AppIcon;
				INFOPLIST_FILE = Agricola/Info.plist;
				LD_RUNPATH_SEARCH_PATHS = "$(inherited) @executable_path/Frameworks";
				PRODUCT_NAME = "$(TARGET_NAME)";
			};
			name = Debug;
		};
		656CFC771A3E95450038A885 /* Release */ = {
			isa = XCBuildConfiguration;
			buildSettings = {
				ASSETCATALOG_COMPILER_APPICON_NAME = AppIcon;
				INFOPLIST_FILE = Agricola/Info.plist;
				LD_RUNPATH_SEARCH_PATHS = "$(inherited) @executable_path/Frameworks";
				PRODUCT_NAME = "$(TARGET_NAME)";
			};
			name = Release;
		};
		656CFC791A3E95450038A885 /* Debug */ = {
			isa = XCBuildConfiguration;
			buildSettings = {
				BUNDLE_LOADER = "$(TEST_HOST)";
				FRAMEWORK_SEARCH_PATHS = (
					"$(SDKROOT)/Developer/Library/Frameworks",
					"$(inherited)",
				);
				GCC_PREPROCESSOR_DEFINITIONS = (
					"DEBUG=1",
					"$(inherited)",
				);
				INFOPLIST_FILE = AgricolaTests/Info.plist;
				LD_RUNPATH_SEARCH_PATHS = "$(inherited) @executable_path/Frameworks @loader_path/Frameworks";
				PRODUCT_NAME = "$(TARGET_NAME)";
				TEST_HOST = "$(BUILT_PRODUCTS_DIR)/Agricola.app/Agricola";
			};
			name = Debug;
		};
		656CFC7A1A3E95450038A885 /* Release */ = {
			isa = XCBuildConfiguration;
			buildSettings = {
				BUNDLE_LOADER = "$(TEST_HOST)";
				FRAMEWORK_SEARCH_PATHS = (
					"$(SDKROOT)/Developer/Library/Frameworks",
					"$(inherited)",
				);
				INFOPLIST_FILE = AgricolaTests/Info.plist;
				LD_RUNPATH_SEARCH_PATHS = "$(inherited) @executable_path/Frameworks @loader_path/Frameworks";
				PRODUCT_NAME = "$(TARGET_NAME)";
				TEST_HOST = "$(BUILT_PRODUCTS_DIR)/Agricola.app/Agricola";
			};
			name = Release;
		};
/* End XCBuildConfiguration section */

/* Begin XCConfigurationList section */
		656CFC511A3E95450038A885 /* Build configuration list for PBXProject "Agricola" */ = {
			isa = XCConfigurationList;
			buildConfigurations = (
				656CFC731A3E95450038A885 /* Debug */,
				656CFC741A3E95450038A885 /* Release */,
			);
			defaultConfigurationIsVisible = 0;
			defaultConfigurationName = Release;
		};
		656CFC751A3E95450038A885 /* Build configuration list for PBXNativeTarget "Agricola" */ = {
			isa = XCConfigurationList;
			buildConfigurations = (
				656CFC761A3E95450038A885 /* Debug */,
				656CFC771A3E95450038A885 /* Release */,
			);
			defaultConfigurationIsVisible = 0;
			defaultConfigurationName = Release;
		};
		656CFC781A3E95450038A885 /* Build configuration list for PBXNativeTarget "AgricolaTests" */ = {
			isa = XCConfigurationList;
			buildConfigurations = (
				656CFC791A3E95450038A885 /* Debug */,
				656CFC7A1A3E95450038A885 /* Release */,
			);
			defaultConfigurationIsVisible = 0;
			defaultConfigurationName = Release;
		};
/* End XCConfigurationList section */
	};
	rootObject = 656CFC4E1A3E95450038A885 /* Project object */;
}
